
Microsoft Visual Studio Solution File, Format Version 12.00
# Visual Studio Version 17
VisualStudioVersion = 17.14.36221.1 d17.14
MinimumVisualStudioVersion = 10.0.40219.1
Project("{FAE04EC0-301F-11D3-BF4B-00C04F79EFBC}") = "FeedbackTooll", "FeedbackTooll\FeedbackTooll.csproj", "{701CBFAD-6DF3-41ED-BB7A-FBDBD58F6372}"
EndProject
Global
	GlobalSection(SolutionConfigurationPlatforms) = preSolution
		Debug|Any CPU = Debug|Any CPU
		Release|Any CPU = Release|Any CPU
	EndGlobalSection
	GlobalSection(ProjectConfigurationPlatforms) = postSolution
		{701CBFAD-6DF3-41ED-BB7A-FBDBD58F6372}.Debug|Any CPU.ActiveCfg = Debug|Any CPU
		{701CBFAD-6DF3-41ED-BB7A-FBDBD58F6372}.Debug|Any CPU.Build.0 = Debug|Any CPU
		{701CBFAD-6DF3-41ED-BB7A-FBDBD58F6372}.Release|Any CPU.ActiveCfg = Release|Any CPU
		{701CBFAD-6DF3-41ED-BB7A-FBDBD58F6372}.Release|Any CPU.Build.0 = Release|Any CPU
	EndGlobalSection
	GlobalSection(SolutionProperties) = preSolution
		HideSolutionNode = FALSE
	EndGlobalSection
	GlobalSection(ExtensibilityGlobals) = postSolution
		SolutionGuid = {0DF965C2-3EE2-4F9B-AE0F-FCB7B67EF221}
	EndGlobalSection
EndGlobal
